{
  "pins" : [
    {
      "identity" : "alamofire",
      "kind" : "remoteSourceControl",
      "location" : "https://github.com/Alamofire/Alamofire",
      "state" : {
        "revision" : "bc268c28fb170f494de9e9927c371b8342979ece",
        "version" : "5.7.1"
      }
    },
    {
      "identity" : "veil",
      "kind" : "remoteSourceControl",
      "location" : "https://github.com/DanielCardonaRojas/Veil",
      "state" : {
        "revision" : "967a2f103972ce5043e28f1920330ee934bcbadc",
        "version" : "0.2.0"
      }
    }
  ],
  "version" : 2
}
