// !$*UTF8*$!
{
	archiveVersion = 1;
	classes = {
	};
	objectVersion = 56;
	objects = {

/* Begin PBXBuildFile section */
		4B0856552A3C82640049FDCD /* SplashView.swift in Sources */ = {isa = PBXBuildFile; fileRef = 4B0856542A3C82640049FDCD /* SplashView.swift */; };
		4B14FC792A3C1DFA009E1E2F /* mobioApp.swift in Sources */ = {isa = PBXBuildFile; fileRef = 4B14FC782A3C1DFA009E1E2F /* mobioApp.swift */; };
		4B14FC7B2A3C1DFA009E1E2F /* ContentView.swift in Sources */ = {isa = PBXBuildFile; fileRef = 4B14FC7A2A3C1DFA009E1E2F /* ContentView.swift */; };
		4B14FC7D2A3C1DFB009E1E2F /* Assets.xcassets in Resources */ = {isa = PBXBuildFile; fileRef = 4B14FC7C2A3C1DFB009E1E2F /* Assets.xcassets */; };
		4B14FC802A3C1DFB009E1E2F /* Preview Assets.xcassets in Resources */ = {isa = PBXBuildFile; fileRef = 4B14FC7F2A3C1DFB009E1E2F /* Preview Assets.xcassets */; };
		4B14FC882A3C1E2B009E1E2F /* Resources.swift in Sources */ = {isa = PBXBuildFile; fileRef = 4B14FC872A3C1E2B009E1E2F /* Resources.swift */; };
		4B14FC8A2A3C1E43009E1E2F /* UIColor + Ext.swift in Sources */ = {isa = PBXBuildFile; fileRef = 4B14FC892A3C1E43009E1E2F /* UIColor + Ext.swift */; };
		4B14FC8E2A3C1EBD009E1E2F /* SignIn.swift in Sources */ = {isa = PBXBuildFile; fileRef = 4B14FC8D2A3C1EBD009E1E2F /* SignIn.swift */; };
		4B14FC902A3C1F0F009E1E2F /* OpeningView.swift in Sources */ = {isa = PBXBuildFile; fileRef = 4B14FC8F2A3C1F0F009E1E2F /* OpeningView.swift */; };
		4B14FC922A3C200F009E1E2F /* Login.swift in Sources */ = {isa = PBXBuildFile; fileRef = 4B14FC912A3C200F009E1E2F /* Login.swift */; };
		4B14FCAB2A3C2072009E1E2F /* Montserrat-VariableFont_wght.ttf in Resources */ = {isa = PBXBuildFile; fileRef = 4B14FC942A3C2072009E1E2F /* Montserrat-VariableFont_wght.ttf */; };
		4B14FCAC2A3C2072009E1E2F /* Montserrat-Italic-VariableFont_wght.ttf in Resources */ = {isa = PBXBuildFile; fileRef = 4B14FC952A3C2072009E1E2F /* Montserrat-Italic-VariableFont_wght.ttf */; };
		4B14FCAD2A3C2072009E1E2F /* Montserrat-LightItalic.ttf in Resources */ = {isa = PBXBuildFile; fileRef = 4B14FC972A3C2072009E1E2F /* Montserrat-LightItalic.ttf */; };
		4B14FCAE2A3C2072009E1E2F /* Montserrat-Medium.ttf in Resources */ = {isa = PBXBuildFile; fileRef = 4B14FC982A3C2072009E1E2F /* Montserrat-Medium.ttf */; };
		4B14FCAF2A3C2072009E1E2F /* Montserrat-BoldItalic.ttf in Resources */ = {isa = PBXBuildFile; fileRef = 4B14FC992A3C2072009E1E2F /* Montserrat-BoldItalic.ttf */; };
		4B14FCB02A3C2072009E1E2F /* Montserrat-Light.ttf in Resources */ = {isa = PBXBuildFile; fileRef = 4B14FC9A2A3C2072009E1E2F /* Montserrat-Light.ttf */; };
		4B14FCB12A3C2072009E1E2F /* Montserrat-ThinItalic.ttf in Resources */ = {isa = PBXBuildFile; fileRef = 4B14FC9B2A3C2072009E1E2F /* Montserrat-ThinItalic.ttf */; };
		4B14FCB22A3C2072009E1E2F /* Montserrat-ExtraLight.ttf in Resources */ = {isa = PBXBuildFile; fileRef = 4B14FC9C2A3C2072009E1E2F /* Montserrat-ExtraLight.ttf */; };
		4B14FCB32A3C2072009E1E2F /* Montserrat-Thin.ttf in Resources */ = {isa = PBXBuildFile; fileRef = 4B14FC9D2A3C2072009E1E2F /* Montserrat-Thin.ttf */; };
		4B14FCB42A3C2072009E1E2F /* Montserrat-Bold.ttf in Resources */ = {isa = PBXBuildFile; fileRef = 4B14FC9E2A3C2072009E1E2F /* Montserrat-Bold.ttf */; };
		4B14FCB52A3C2072009E1E2F /* Montserrat-MediumItalic.ttf in Resources */ = {isa = PBXBuildFile; fileRef = 4B14FC9F2A3C2072009E1E2F /* Montserrat-MediumItalic.ttf */; };
		4B14FCB62A3C2072009E1E2F /* Montserrat-BlackItalic.ttf in Resources */ = {isa = PBXBuildFile; fileRef = 4B14FCA02A3C2072009E1E2F /* Montserrat-BlackItalic.ttf */; };
		4B14FCB72A3C2072009E1E2F /* Montserrat-SemiBold.ttf in Resources */ = {isa = PBXBuildFile; fileRef = 4B14FCA12A3C2072009E1E2F /* Montserrat-SemiBold.ttf */; };
		4B14FCB82A3C2072009E1E2F /* Montserrat-ExtraLightItalic.ttf in Resources */ = {isa = PBXBuildFile; fileRef = 4B14FCA22A3C2072009E1E2F /* Montserrat-ExtraLightItalic.ttf */; };
		4B14FCB92A3C2072009E1E2F /* Montserrat-ExtraBold.ttf in Resources */ = {isa = PBXBuildFile; fileRef = 4B14FCA32A3C2072009E1E2F /* Montserrat-ExtraBold.ttf */; };
		4B14FCBA2A3C2072009E1E2F /* Montserrat-Black.ttf in Resources */ = {isa = PBXBuildFile; fileRef = 4B14FCA42A3C2072009E1E2F /* Montserrat-Black.ttf */; };
		4B14FCBB2A3C2072009E1E2F /* Montserrat-Regular.ttf in Resources */ = {isa = PBXBuildFile; fileRef = 4B14FCA52A3C2072009E1E2F /* Montserrat-Regular.ttf */; };
		4B14FCBC2A3C2072009E1E2F /* Montserrat-Italic.ttf in Resources */ = {isa = PBXBuildFile; fileRef = 4B14FCA62A3C2072009E1E2F /* Montserrat-Italic.ttf */; };
		4B14FCBD2A3C2072009E1E2F /* Montserrat-SemiBoldItalic.ttf in Resources */ = {isa = PBXBuildFile; fileRef = 4B14FCA72A3C2072009E1E2F /* Montserrat-SemiBoldItalic.ttf */; };
		4B14FCBE2A3C2072009E1E2F /* Montserrat-ExtraBoldItalic.ttf in Resources */ = {isa = PBXBuildFile; fileRef = 4B14FCA82A3C2072009E1E2F /* Montserrat-ExtraBoldItalic.ttf */; };
		4B14FCBF2A3C2072009E1E2F /* OFL.txt in Resources */ = {isa = PBXBuildFile; fileRef = 4B14FCA92A3C2072009E1E2F /* OFL.txt */; };
		4B14FCC02A3C2072009E1E2F /* README.txt in Resources */ = {isa = PBXBuildFile; fileRef = 4B14FCAA2A3C2072009E1E2F /* README.txt */; };
		4B14FCC32A3C2839009E1E2F /* Font + Ext.swift in Sources */ = {isa = PBXBuildFile; fileRef = 4B14FCC22A3C2839009E1E2F /* Font + Ext.swift */; };
		4B14FCC62A3C6547009E1E2F /* User.swift in Sources */ = {isa = PBXBuildFile; fileRef = 4B14FCC52A3C6547009E1E2F /* User.swift */; };
		4BB2795F2A41A67E00BE6302 /* CircleGridView.swift in Sources */ = {isa = PBXBuildFile; fileRef = 4BB2795E2A41A67E00BE6302 /* CircleGridView.swift */; };
		4BB279612A41A72800BE6302 /* Product.swift in Sources */ = {isa = PBXBuildFile; fileRef = 4BB279602A41A72800BE6302 /* Product.swift */; };
		4BE8F3572A4014360096E771 /* SideBar.swift in Sources */ = {isa = PBXBuildFile; fileRef = 4BE8F3562A4014360096E771 /* SideBar.swift */; };
		4BE8F3592A402F510096E771 /* SidebarModel.swift in Sources */ = {isa = PBXBuildFile; fileRef = 4BE8F3582A402F510096E771 /* SidebarModel.swift */; };
		4BF46F142A3C760700A0250C /* HomeView.swift in Sources */ = {isa = PBXBuildFile; fileRef = 4BF46F132A3C760700A0250C /* HomeView.swift */; };
		C41AFFD02A42BE1E00F8C6EA /* CustomAlert in Frameworks */ = {isa = PBXBuildFile; productRef = C41AFFCF2A42BE1E00F8C6EA /* CustomAlert */; };
		C45A67C82A418B4100B87D52 /* UserDefaultsManager.swift in Sources */ = {isa = PBXBuildFile; fileRef = C45A67C72A418B4100B87D52 /* UserDefaultsManager.swift */; };
		C45A67CB2A418B5D00B87D52 /* TokenModel.swift in Sources */ = {isa = PBXBuildFile; fileRef = C45A67CA2A418B5D00B87D52 /* TokenModel.swift */; };
		C45A67CD2A418B6E00B87D52 /* NertworkManager.swift in Sources */ = {isa = PBXBuildFile; fileRef = C45A67CC2A418B6E00B87D52 /* NertworkManager.swift */; };
		C45A67D02A418B9A00B87D52 /* Alamofire in Frameworks */ = {isa = PBXBuildFile; productRef = C45A67CF2A418B9A00B87D52 /* Alamofire */; };
		C45A67D72A41C78800B87D52 /* InputMask in Frameworks */ = {isa = PBXBuildFile; productRef = C45A67D62A41C78800B87D52 /* InputMask */; };
		C4B95E992A42D61B00139081 /* KeyboardObserving in Frameworks */ = {isa = PBXBuildFile; productRef = C4B95E982A42D61B00139081 /* KeyboardObserving */; };
		C4B95E9B2A42F67D00139081 /* Test.swift in Sources */ = {isa = PBXBuildFile; fileRef = C4B95E9A2A42F67D00139081 /* Test.swift */; };
		C4B95E9E2A43006D00139081 /* SlidingTabView in Frameworks */ = {isa = PBXBuildFile; productRef = C4B95E9D2A43006D00139081 /* SlidingTabView */; };
		C4EED0702A3F52CE0080BE8B /* TabbarView.swift in Sources */ = {isa = PBXBuildFile; fileRef = C4EED06F2A3F52CE0080BE8B /* TabbarView.swift */; };
		C4EED0732A400DF10080BE8B /* SettingsView.swift in Sources */ = {isa = PBXBuildFile; fileRef = C4EED0722A400DF10080BE8B /* SettingsView.swift */; };
/* End PBXBuildFile section */

/* Begin PBXFileReference section */
		4B0856542A3C82640049FDCD /* SplashView.swift */ = {isa = PBXFileReference; lastKnownFileType = sourcecode.swift; path = SplashView.swift; sourceTree = "<group>"; };
		4B14FC752A3C1DFA009E1E2F /* mobio.app */ = {isa = PBXFileReference; explicitFileType = wrapper.application; includeInIndex = 0; path = mobio.app; sourceTree = BUILT_PRODUCTS_DIR; };
		4B14FC782A3C1DFA009E1E2F /* mobioApp.swift */ = {isa = PBXFileReference; lastKnownFileType = sourcecode.swift; path = mobioApp.swift; sourceTree = "<group>"; };
		4B14FC7A2A3C1DFA009E1E2F /* ContentView.swift */ = {isa = PBXFileReference; lastKnownFileType = sourcecode.swift; path = ContentView.swift; sourceTree = "<group>"; };
		4B14FC7C2A3C1DFB009E1E2F /* Assets.xcassets */ = {isa = PBXFileReference; lastKnownFileType = folder.assetcatalog; path = Assets.xcassets; sourceTree = "<group>"; };
		4B14FC7F2A3C1DFB009E1E2F /* Preview Assets.xcassets */ = {isa = PBXFileReference; lastKnownFileType = folder.assetcatalog; path = "Preview Assets.xcassets"; sourceTree = "<group>"; };
		4B14FC872A3C1E2B009E1E2F /* Resources.swift */ = {isa = PBXFileReference; lastKnownFileType = sourcecode.swift; path = Resources.swift; sourceTree = "<group>"; };
		4B14FC892A3C1E43009E1E2F /* UIColor + Ext.swift */ = {isa = PBXFileReference; lastKnownFileType = sourcecode.swift; path = "UIColor + Ext.swift"; sourceTree = "<group>"; };
		4B14FC8D2A3C1EBD009E1E2F /* SignIn.swift */ = {isa = PBXFileReference; lastKnownFileType = sourcecode.swift; path = SignIn.swift; sourceTree = "<group>"; };
		4B14FC8F2A3C1F0F009E1E2F /* OpeningView.swift */ = {isa = PBXFileReference; lastKnownFileType = sourcecode.swift; path = OpeningView.swift; sourceTree = "<group>"; };
		4B14FC912A3C200F009E1E2F /* Login.swift */ = {isa = PBXFileReference; lastKnownFileType = sourcecode.swift; path = Login.swift; sourceTree = "<group>"; };
		4B14FC942A3C2072009E1E2F /* Montserrat-VariableFont_wght.ttf */ = {isa = PBXFileReference; lastKnownFileType = file; path = "Montserrat-VariableFont_wght.ttf"; sourceTree = "<group>"; };
		4B14FC952A3C2072009E1E2F /* Montserrat-Italic-VariableFont_wght.ttf */ = {isa = PBXFileReference; lastKnownFileType = file; path = "Montserrat-Italic-VariableFont_wght.ttf"; sourceTree = "<group>"; };
		4B14FC972A3C2072009E1E2F /* Montserrat-LightItalic.ttf */ = {isa = PBXFileReference; lastKnownFileType = file; path = "Montserrat-LightItalic.ttf"; sourceTree = "<group>"; };
		4B14FC982A3C2072009E1E2F /* Montserrat-Medium.ttf */ = {isa = PBXFileReference; lastKnownFileType = file; path = "Montserrat-Medium.ttf"; sourceTree = "<group>"; };
		4B14FC992A3C2072009E1E2F /* Montserrat-BoldItalic.ttf */ = {isa = PBXFileReference; lastKnownFileType = file; path = "Montserrat-BoldItalic.ttf"; sourceTree = "<group>"; };
		4B14FC9A2A3C2072009E1E2F /* Montserrat-Light.ttf */ = {isa = PBXFileReference; lastKnownFileType = file; path = "Montserrat-Light.ttf"; sourceTree = "<group>"; };
		4B14FC9B2A3C2072009E1E2F /* Montserrat-ThinItalic.ttf */ = {isa = PBXFileReference; lastKnownFileType = file; path = "Montserrat-ThinItalic.ttf"; sourceTree = "<group>"; };
		4B14FC9C2A3C2072009E1E2F /* Montserrat-ExtraLight.ttf */ = {isa = PBXFileReference; lastKnownFileType = file; path = "Montserrat-ExtraLight.ttf"; sourceTree = "<group>"; };
		4B14FC9D2A3C2072009E1E2F /* Montserrat-Thin.ttf */ = {isa = PBXFileReference; lastKnownFileType = file; path = "Montserrat-Thin.ttf"; sourceTree = "<group>"; };
		4B14FC9E2A3C2072009E1E2F /* Montserrat-Bold.ttf */ = {isa = PBXFileReference; lastKnownFileType = file; path = "Montserrat-Bold.ttf"; sourceTree = "<group>"; };
		4B14FC9F2A3C2072009E1E2F /* Montserrat-MediumItalic.ttf */ = {isa = PBXFileReference; lastKnownFileType = file; path = "Montserrat-MediumItalic.ttf"; sourceTree = "<group>"; };
		4B14FCA02A3C2072009E1E2F /* Montserrat-BlackItalic.ttf */ = {isa = PBXFileReference; lastKnownFileType = file; path = "Montserrat-BlackItalic.ttf"; sourceTree = "<group>"; };
		4B14FCA12A3C2072009E1E2F /* Montserrat-SemiBold.ttf */ = {isa = PBXFileReference; lastKnownFileType = file; path = "Montserrat-SemiBold.ttf"; sourceTree = "<group>"; };
		4B14FCA22A3C2072009E1E2F /* Montserrat-ExtraLightItalic.ttf */ = {isa = PBXFileReference; lastKnownFileType = file; path = "Montserrat-ExtraLightItalic.ttf"; sourceTree = "<group>"; };
		4B14FCA32A3C2072009E1E2F /* Montserrat-ExtraBold.ttf */ = {isa = PBXFileReference; lastKnownFileType = file; path = "Montserrat-ExtraBold.ttf"; sourceTree = "<group>"; };
		4B14FCA42A3C2072009E1E2F /* Montserrat-Black.ttf */ = {isa = PBXFileReference; lastKnownFileType = file; path = "Montserrat-Black.ttf"; sourceTree = "<group>"; };
		4B14FCA52A3C2072009E1E2F /* Montserrat-Regular.ttf */ = {isa = PBXFileReference; lastKnownFileType = file; path = "Montserrat-Regular.ttf"; sourceTree = "<group>"; };
		4B14FCA62A3C2072009E1E2F /* Montserrat-Italic.ttf */ = {isa = PBXFileReference; lastKnownFileType = file; path = "Montserrat-Italic.ttf"; sourceTree = "<group>"; };
		4B14FCA72A3C2072009E1E2F /* Montserrat-SemiBoldItalic.ttf */ = {isa = PBXFileReference; lastKnownFileType = file; path = "Montserrat-SemiBoldItalic.ttf"; sourceTree = "<group>"; };
		4B14FCA82A3C2072009E1E2F /* Montserrat-ExtraBoldItalic.ttf */ = {isa = PBXFileReference; lastKnownFileType = file; path = "Montserrat-ExtraBoldItalic.ttf"; sourceTree = "<group>"; };
		4B14FCA92A3C2072009E1E2F /* OFL.txt */ = {isa = PBXFileReference; fileEncoding = 4; lastKnownFileType = text; path = OFL.txt; sourceTree = "<group>"; };
		4B14FCAA2A3C2072009E1E2F /* README.txt */ = {isa = PBXFileReference; fileEncoding = 4; lastKnownFileType = text; path = README.txt; sourceTree = "<group>"; };
		4B14FCC12A3C209B009E1E2F /* Info.plist */ = {isa = PBXFileReference; lastKnownFileType = text.plist; path = Info.plist; sourceTree = "<group>"; };
		4B14FCC22A3C2839009E1E2F /* Font + Ext.swift */ = {isa = PBXFileReference; lastKnownFileType = sourcecode.swift; path = "Font + Ext.swift"; sourceTree = "<group>"; };
		4B14FCC52A3C6547009E1E2F /* User.swift */ = {isa = PBXFileReference; lastKnownFileType = sourcecode.swift; path = User.swift; sourceTree = "<group>"; };
		4BB2795E2A41A67E00BE6302 /* CircleGridView.swift */ = {isa = PBXFileReference; lastKnownFileType = sourcecode.swift; path = CircleGridView.swift; sourceTree = "<group>"; };
		4BB279602A41A72800BE6302 /* Product.swift */ = {isa = PBXFileReference; lastKnownFileType = sourcecode.swift; path = Product.swift; sourceTree = "<group>"; };
		4BE8F3562A4014360096E771 /* SideBar.swift */ = {isa = PBXFileReference; lastKnownFileType = sourcecode.swift; path = SideBar.swift; sourceTree = "<group>"; };
		4BE8F3582A402F510096E771 /* SidebarModel.swift */ = {isa = PBXFileReference; lastKnownFileType = sourcecode.swift; path = SidebarModel.swift; sourceTree = "<group>"; };
		4BF46F132A3C760700A0250C /* HomeView.swift */ = {isa = PBXFileReference; lastKnownFileType = sourcecode.swift; path = HomeView.swift; sourceTree = "<group>"; };
		C45A67C72A418B4100B87D52 /* UserDefaultsManager.swift */ = {isa = PBXFileReference; lastKnownFileType = sourcecode.swift; path = UserDefaultsManager.swift; sourceTree = "<group>"; };
		C45A67CA2A418B5D00B87D52 /* TokenModel.swift */ = {isa = PBXFileReference; lastKnownFileType = sourcecode.swift; path = TokenModel.swift; sourceTree = "<group>"; };
		C45A67CC2A418B6E00B87D52 /* NertworkManager.swift */ = {isa = PBXFileReference; lastKnownFileType = sourcecode.swift; path = NertworkManager.swift; sourceTree = "<group>"; };
		C4B95E9A2A42F67D00139081 /* Test.swift */ = {isa = PBXFileReference; lastKnownFileType = sourcecode.swift; path = Test.swift; sourceTree = "<group>"; };
		C4EED06F2A3F52CE0080BE8B /* TabbarView.swift */ = {isa = PBXFileReference; lastKnownFileType = sourcecode.swift; path = TabbarView.swift; sourceTree = "<group>"; };
		C4EED0722A400DF10080BE8B /* SettingsView.swift */ = {isa = PBXFileReference; lastKnownFileType = sourcecode.swift; path = SettingsView.swift; sourceTree = "<group>"; };
/* End PBXFileReference section */

/* Begin PBXFrameworksBuildPhase section */
		4B14FC722A3C1DFA009E1E2F /* Frameworks */ = {
			isa = PBXFrameworksBuildPhase;
			buildActionMask = 2147483647;
			files = (
				C45A67D02A418B9A00B87D52 /* Alamofire in Frameworks */,
				C4B95E9E2A43006D00139081 /* SlidingTabView in Frameworks */,
				C4B95E992A42D61B00139081 /* KeyboardObserving in Frameworks */,
				C41AFFD02A42BE1E00F8C6EA /* CustomAlert in Frameworks */,
				C45A67D72A41C78800B87D52 /* InputMask in Frameworks */,
			);
			runOnlyForDeploymentPostprocessing = 0;
		};
/* End PBXFrameworksBuildPhase section */

/* Begin PBXGroup section */
		4B14FC6C2A3C1DFA009E1E2F = {
			isa = PBXGroup;
			children = (
				4B14FC772A3C1DFA009E1E2F /* mobio */,
				4B14FC762A3C1DFA009E1E2F /* Products */,
			);
			sourceTree = "<group>";
		};
		4B14FC762A3C1DFA009E1E2F /* Products */ = {
			isa = PBXGroup;
			children = (
				4B14FC752A3C1DFA009E1E2F /* mobio.app */,
			);
			name = Products;
			sourceTree = "<group>";
		};
		4B14FC772A3C1DFA009E1E2F /* mobio */ = {
			isa = PBXGroup;
			children = (
				4BB2795B2A41A61300BE6302 /* View */,
				C45A67C62A418B2D00B87D52 /* Services */,
				4B14FCC42A3C6536009E1E2F /* Models */,
				4B14FC862A3C1E1B009E1E2F /* Resources */,
				4B14FC782A3C1DFA009E1E2F /* mobioApp.swift */,
				4B14FC7A2A3C1DFA009E1E2F /* ContentView.swift */,
				4B14FC7C2A3C1DFB009E1E2F /* Assets.xcassets */,
				4B14FCC12A3C209B009E1E2F /* Info.plist */,
				4B14FC7E2A3C1DFB009E1E2F /* Preview Content */,
			);
			path = mobio;
			sourceTree = "<group>";
		};
		4B14FC7E2A3C1DFB009E1E2F /* Preview Content */ = {
			isa = PBXGroup;
			children = (
				4B14FC7F2A3C1DFB009E1E2F /* Preview Assets.xcassets */,
			);
			path = "Preview Content";
			sourceTree = "<group>";
		};
		4B14FC862A3C1E1B009E1E2F /* Resources */ = {
			isa = PBXGroup;
			children = (
				4B14FC932A3C2072009E1E2F /* Fonts */,
				4B14FC872A3C1E2B009E1E2F /* Resources.swift */,
				4B14FC892A3C1E43009E1E2F /* UIColor + Ext.swift */,
				4B14FCC22A3C2839009E1E2F /* Font + Ext.swift */,
			);
			path = Resources;
			sourceTree = "<group>";
		};
		4B14FC8C2A3C1EAE009E1E2F /* Auth */ = {
			isa = PBXGroup;
			children = (
				4B14FC912A3C200F009E1E2F /* Login.swift */,
				4B14FC8D2A3C1EBD009E1E2F /* SignIn.swift */,
				4B14FC8F2A3C1F0F009E1E2F /* OpeningView.swift */,
				4B0856542A3C82640049FDCD /* SplashView.swift */,
			);
			path = Auth;
			sourceTree = "<group>";
		};
		4B14FC932A3C2072009E1E2F /* Fonts */ = {
			isa = PBXGroup;
			children = (
				4B14FC942A3C2072009E1E2F /* Montserrat-VariableFont_wght.ttf */,
				4B14FC952A3C2072009E1E2F /* Montserrat-Italic-VariableFont_wght.ttf */,
				4B14FC962A3C2072009E1E2F /* static */,
				4B14FCA92A3C2072009E1E2F /* OFL.txt */,
				4B14FCAA2A3C2072009E1E2F /* README.txt */,
			);
			path = Fonts;
			sourceTree = "<group>";
		};
		4B14FC962A3C2072009E1E2F /* static */ = {
			isa = PBXGroup;
			children = (
				4B14FC972A3C2072009E1E2F /* Montserrat-LightItalic.ttf */,
				4B14FC982A3C2072009E1E2F /* Montserrat-Medium.ttf */,
				4B14FC992A3C2072009E1E2F /* Montserrat-BoldItalic.ttf */,
				4B14FC9A2A3C2072009E1E2F /* Montserrat-Light.ttf */,
				4B14FC9B2A3C2072009E1E2F /* Montserrat-ThinItalic.ttf */,
				4B14FC9C2A3C2072009E1E2F /* Montserrat-ExtraLight.ttf */,
				4B14FC9D2A3C2072009E1E2F /* Montserrat-Thin.ttf */,
				4B14FC9E2A3C2072009E1E2F /* Montserrat-Bold.ttf */,
				4B14FC9F2A3C2072009E1E2F /* Montserrat-MediumItalic.ttf */,
				4B14FCA02A3C2072009E1E2F /* Montserrat-BlackItalic.ttf */,
				4B14FCA12A3C2072009E1E2F /* Montserrat-SemiBold.ttf */,
				4B14FCA22A3C2072009E1E2F /* Montserrat-ExtraLightItalic.ttf */,
				4B14FCA32A3C2072009E1E2F /* Montserrat-ExtraBold.ttf */,
				4B14FCA42A3C2072009E1E2F /* Montserrat-Black.ttf */,
				4B14FCA52A3C2072009E1E2F /* Montserrat-Regular.ttf */,
				4B14FCA62A3C2072009E1E2F /* Montserrat-Italic.ttf */,
				4B14FCA72A3C2072009E1E2F /* Montserrat-SemiBoldItalic.ttf */,
				4B14FCA82A3C2072009E1E2F /* Montserrat-ExtraBoldItalic.ttf */,
			);
			path = static;
			sourceTree = "<group>";
		};
		4B14FCC42A3C6536009E1E2F /* Models */ = {
			isa = PBXGroup;
			children = (
				4B14FCC52A3C6547009E1E2F /* User.swift */,
				4BE8F3582A402F510096E771 /* SidebarModel.swift */,
				4BB279602A41A72800BE6302 /* Product.swift */,
			);
			path = Models;
			sourceTree = "<group>";
		};
		4BB2795B2A41A61300BE6302 /* View */ = {
			isa = PBXGroup;
			children = (
				4B14FC8C2A3C1EAE009E1E2F /* Auth */,
				4BB2795D2A41A62500BE6302 /* Components */,
				C4EED06E2A3F52AE0080BE8B /* Tabbar */,
				4BB2795C2A41A61A00BE6302 /* Screens */,
				C4B95E9A2A42F67D00139081 /* Test.swift */,
			);
			path = View;
			sourceTree = "<group>";
		};
		4BB2795C2A41A61A00BE6302 /* Screens */ = {
			isa = PBXGroup;
			children = (
				C4EED0722A400DF10080BE8B /* SettingsView.swift */,
				4BF46F132A3C760700A0250C /* HomeView.swift */,
			);
			path = Screens;
			sourceTree = "<group>";
		};
		4BB2795D2A41A62500BE6302 /* Components */ = {
			isa = PBXGroup;
			children = (
				4BE8F3562A4014360096E771 /* SideBar.swift */,
				4BB2795E2A41A67E00BE6302 /* CircleGridView.swift */,
			);
			path = Components;
			sourceTree = "<group>";
		};
		C45A67C62A418B2D00B87D52 /* Services */ = {
			isa = PBXGroup;
			children = (
				C45A67C72A418B4100B87D52 /* UserDefaultsManager.swift */,
				C45A67CA2A418B5D00B87D52 /* TokenModel.swift */,
				C45A67CC2A418B6E00B87D52 /* NertworkManager.swift */,
			);
			path = Services;
			sourceTree = "<group>";
		};
		C4EED06E2A3F52AE0080BE8B /* Tabbar */ = {
			isa = PBXGroup;
			children = (
				C4EED06F2A3F52CE0080BE8B /* TabbarView.swift */,
			);
			path = Tabbar;
			sourceTree = "<group>";
		};
/* End PBXGroup section */

/* Begin PBXNativeTarget section */
		4B14FC742A3C1DFA009E1E2F /* mobio */ = {
			isa = PBXNativeTarget;
			buildConfigurationList = 4B14FC832A3C1DFB009E1E2F /* Build configuration list for PBXNativeTarget "mobio" */;
			buildPhases = (
				4B14FC712A3C1DFA009E1E2F /* Sources */,
				4B14FC722A3C1DFA009E1E2F /* Frameworks */,
				4B14FC732A3C1DFA009E1E2F /* Resources */,
			);
			buildRules = (
			);
			dependencies = (
			);
			name = mobio;
			packageProductDependencies = (
				C45A67CF2A418B9A00B87D52 /* Alamofire */,
				C45A67D62A41C78800B87D52 /* InputMask */,
				C41AFFCF2A42BE1E00F8C6EA /* CustomAlert */,
				C4B95E982A42D61B00139081 /* KeyboardObserving */,
				C4B95E9D2A43006D00139081 /* SlidingTabView */,
			);
			productName = mobio;
			productReference = 4B14FC752A3C1DFA009E1E2F /* mobio.app */;
			productType = "com.apple.product-type.application";
		};
/* End PBXNativeTarget section */

/* Begin PBXProject section */
		4B14FC6D2A3C1DFA009E1E2F /* Project object */ = {
			isa = PBXProject;
			attributes = {
				BuildIndependentTargetsInParallel = 1;
				LastSwiftUpdateCheck = 1430;
				LastUpgradeCheck = 1430;
				TargetAttributes = {
					4B14FC742A3C1DFA009E1E2F = {
						CreatedOnToolsVersion = 14.3;
					};
				};
			};
			buildConfigurationList = 4B14FC702A3C1DFA009E1E2F /* Build configuration list for PBXProject "mobio" */;
			compatibilityVersion = "Xcode 14.0";
			developmentRegion = en;
			hasScannedForEncodings = 0;
			knownRegions = (
				en,
				Base,
			);
			mainGroup = 4B14FC6C2A3C1DFA009E1E2F;
			packageReferences = (
				C45A67CE2A418B9A00B87D52 /* XCRemoteSwiftPackageReference "Alamofire" */,
				C45A67D52A41C78800B87D52 /* XCRemoteSwiftPackageReference "input-mask-ios" */,
				C41AFFCE2A42BE1E00F8C6EA /* XCRemoteSwiftPackageReference "CustomAlert" */,
				C4B95E972A42D61B00139081 /* XCRemoteSwiftPackageReference "KeyboardObserving" */,
				C4B95E9C2A43006D00139081 /* XCRemoteSwiftPackageReference "SlidingTabView" */,
			);
			productRefGroup = 4B14FC762A3C1DFA009E1E2F /* Products */;
			projectDirPath = "";
			projectRoot = "";
			targets = (
				4B14FC742A3C1DFA009E1E2F /* mobio */,
			);
		};
/* End PBXProject section */

/* Begin PBXResourcesBuildPhase section */
		4B14FC732A3C1DFA009E1E2F /* Resources */ = {
			isa = PBXResourcesBuildPhase;
			buildActionMask = 2147483647;
			files = (
				4B14FCBD2A3C2072009E1E2F /* Montserrat-SemiBoldItalic.ttf in Resources */,
				4B14FCB92A3C2072009E1E2F /* Montserrat-ExtraBold.ttf in Resources */,
				4B14FCAC2A3C2072009E1E2F /* Montserrat-Italic-VariableFont_wght.ttf in Resources */,
				4B14FCB62A3C2072009E1E2F /* Montserrat-BlackItalic.ttf in Resources */,
				4B14FCB52A3C2072009E1E2F /* Montserrat-MediumItalic.ttf in Resources */,
				4B14FCAF2A3C2072009E1E2F /* Montserrat-BoldItalic.ttf in Resources */,
				4B14FC802A3C1DFB009E1E2F /* Preview Assets.xcassets in Resources */,
				4B14FCAB2A3C2072009E1E2F /* Montserrat-VariableFont_wght.ttf in Resources */,
				4B14FCBB2A3C2072009E1E2F /* Montserrat-Regular.ttf in Resources */,
				4B14FCB02A3C2072009E1E2F /* Montserrat-Light.ttf in Resources */,
				4B14FCB12A3C2072009E1E2F /* Montserrat-ThinItalic.ttf in Resources */,
				4B14FCAD2A3C2072009E1E2F /* Montserrat-LightItalic.ttf in Resources */,
				4B14FCBF2A3C2072009E1E2F /* OFL.txt in Resources */,
				4B14FCB82A3C2072009E1E2F /* Montserrat-ExtraLightItalic.ttf in Resources */,
				4B14FCB72A3C2072009E1E2F /* Montserrat-SemiBold.ttf in Resources */,
				4B14FCB32A3C2072009E1E2F /* Montserrat-Thin.ttf in Resources */,
				4B14FCB42A3C2072009E1E2F /* Montserrat-Bold.ttf in Resources */,
				4B14FCBC2A3C2072009E1E2F /* Montserrat-Italic.ttf in Resources */,
				4B14FCAE2A3C2072009E1E2F /* Montserrat-Medium.ttf in Resources */,
				4B14FC7D2A3C1DFB009E1E2F /* Assets.xcassets in Resources */,
				4B14FCB22A3C2072009E1E2F /* Montserrat-ExtraLight.ttf in Resources */,
				4B14FCBA2A3C2072009E1E2F /* Montserrat-Black.ttf in Resources */,
				4B14FCC02A3C2072009E1E2F /* README.txt in Resources */,
				4B14FCBE2A3C2072009E1E2F /* Montserrat-ExtraBoldItalic.ttf in Resources */,
			);
			runOnlyForDeploymentPostprocessing = 0;
		};
/* End PBXResourcesBuildPhase section */

/* Begin PBXSourcesBuildPhase section */
		4B14FC712A3C1DFA009E1E2F /* Sources */ = {
			isa = PBXSourcesBuildPhase;
			buildActionMask = 2147483647;
			files = (
				4B14FC882A3C1E2B009E1E2F /* Resources.swift in Sources */,
				4B0856552A3C82640049FDCD /* SplashView.swift in Sources */,
				4B14FC8E2A3C1EBD009E1E2F /* SignIn.swift in Sources */,
				4BF46F142A3C760700A0250C /* HomeView.swift in Sources */,
				4B14FC7B2A3C1DFA009E1E2F /* ContentView.swift in Sources */,
				4B14FC902A3C1F0F009E1E2F /* OpeningView.swift in Sources */,
				C45A67C82A418B4100B87D52 /* UserDefaultsManager.swift in Sources */,
				C4EED0702A3F52CE0080BE8B /* TabbarView.swift in Sources */,
				4B14FC922A3C200F009E1E2F /* Login.swift in Sources */,
				4BE8F3592A402F510096E771 /* SidebarModel.swift in Sources */,
				4B14FCC62A3C6547009E1E2F /* User.swift in Sources */,
				C45A67CB2A418B5D00B87D52 /* TokenModel.swift in Sources */,
				4BB2795F2A41A67E00BE6302 /* CircleGridView.swift in Sources */,
				4B14FC792A3C1DFA009E1E2F /* mobioApp.swift in Sources */,
				4B14FCC32A3C2839009E1E2F /* Font + Ext.swift in Sources */,
				4BE8F3572A4014360096E771 /* SideBar.swift in Sources */,
				4B14FC8A2A3C1E43009E1E2F /* UIColor + Ext.swift in Sources */,
				C4B95E9B2A42F67D00139081 /* Test.swift in Sources */,
				4BB279612A41A72800BE6302 /* Product.swift in Sources */,
				C4EED0732A400DF10080BE8B /* SettingsView.swift in Sources */,
				C45A67CD2A418B6E00B87D52 /* NertworkManager.swift in Sources */,
			);
			runOnlyForDeploymentPostprocessing = 0;
		};
/* End PBXSourcesBuildPhase section */

/* Begin XCBuildConfiguration section */
		4B14FC812A3C1DFB009E1E2F /* Debug */ = {
			isa = XCBuildConfiguration;
			buildSettings = {
				ALWAYS_SEARCH_USER_PATHS = NO;
				CLANG_ANALYZER_NONNULL = YES;
				CLANG_ANALYZER_NUMBER_OBJECT_CONVERSION = YES_AGGRESSIVE;
				CLANG_CXX_LANGUAGE_STANDARD = "gnu++20";
				CLANG_ENABLE_MODULES = YES;
				CLANG_ENABLE_OBJC_ARC = YES;
				CLANG_ENABLE_OBJC_WEAK = YES;
				CLANG_WARN_BLOCK_CAPTURE_AUTORELEASING = YES;
				CLANG_WARN_BOOL_CONVERSION = YES;
				CLANG_WARN_COMMA = YES;
				CLANG_WARN_CONSTANT_CONVERSION = YES;
				CLANG_WARN_DEPRECATED_OBJC_IMPLEMENTATIONS = YES;
				CLANG_WARN_DIRECT_OBJC_ISA_USAGE = YES_ERROR;
				CLANG_WARN_DOCUMENTATION_COMMENTS = YES;
				CLANG_WARN_EMPTY_BODY = YES;
				CLANG_WARN_ENUM_CONVERSION = YES;
				CLANG_WARN_INFINITE_RECURSION = YES;
				CLANG_WARN_INT_CONVERSION = YES;
				CLANG_WARN_NON_LITERAL_NULL_CONVERSION = YES;
				CLANG_WARN_OBJC_IMPLICIT_RETAIN_SELF = YES;
				CLANG_WARN_OBJC_LITERAL_CONVERSION = YES;
				CLANG_WARN_OBJC_ROOT_CLASS = YES_ERROR;
				CLANG_WARN_QUOTED_INCLUDE_IN_FRAMEWORK_HEADER = YES;
				CLANG_WARN_RANGE_LOOP_ANALYSIS = YES;
				CLANG_WARN_STRICT_PROTOTYPES = YES;
				CLANG_WARN_SUSPICIOUS_MOVE = YES;
				CLANG_WARN_UNGUARDED_AVAILABILITY = YES_AGGRESSIVE;
				CLANG_WARN_UNREACHABLE_CODE = YES;
				CLANG_WARN__DUPLICATE_METHOD_MATCH = YES;
				COPY_PHASE_STRIP = NO;
				DEBUG_INFORMATION_FORMAT = dwarf;
				ENABLE_STRICT_OBJC_MSGSEND = YES;
				ENABLE_TESTABILITY = YES;
				GCC_C_LANGUAGE_STANDARD = gnu11;
				GCC_DYNAMIC_NO_PIC = NO;
				GCC_NO_COMMON_BLOCKS = YES;
				GCC_OPTIMIZATION_LEVEL = 0;
				GCC_PREPROCESSOR_DEFINITIONS = (
					"DEBUG=1",
					"$(inherited)",
				);
				GCC_WARN_64_TO_32_BIT_CONVERSION = YES;
				GCC_WARN_ABOUT_RETURN_TYPE = YES_ERROR;
				GCC_WARN_UNDECLARED_SELECTOR = YES;
				GCC_WARN_UNINITIALIZED_AUTOS = YES_AGGRESSIVE;
				GCC_WARN_UNUSED_FUNCTION = YES;
				GCC_WARN_UNUSED_VARIABLE = YES;
				IPHONEOS_DEPLOYMENT_TARGET = 16.4;
				MTL_ENABLE_DEBUG_INFO = INCLUDE_SOURCE;
				MTL_FAST_MATH = YES;
				ONLY_ACTIVE_ARCH = YES;
				SDKROOT = iphoneos;
				SWIFT_ACTIVE_COMPILATION_CONDITIONS = DEBUG;
				SWIFT_OPTIMIZATION_LEVEL = "-Onone";
			};
			name = Debug;
		};
		4B14FC822A3C1DFB009E1E2F /* Release */ = {
			isa = XCBuildConfiguration;
			buildSettings = {
				ALWAYS_SEARCH_USER_PATHS = NO;
				CLANG_ANALYZER_NONNULL = YES;
				CLANG_ANALYZER_NUMBER_OBJECT_CONVERSION = YES_AGGRESSIVE;
				CLANG_CXX_LANGUAGE_STANDARD = "gnu++20";
				CLANG_ENABLE_MODULES = YES;
				CLANG_ENABLE_OBJC_ARC = YES;
				CLANG_ENABLE_OBJC_WEAK = YES;
				CLANG_WARN_BLOCK_CAPTURE_AUTORELEASING = YES;
				CLANG_WARN_BOOL_CONVERSION = YES;
				CLANG_WARN_COMMA = YES;
				CLANG_WARN_CONSTANT_CONVERSION = YES;
				CLANG_WARN_DEPRECATED_OBJC_IMPLEMENTATIONS = YES;
				CLANG_WARN_DIRECT_OBJC_ISA_USAGE = YES_ERROR;
				CLANG_WARN_DOCUMENTATION_COMMENTS = YES;
				CLANG_WARN_EMPTY_BODY = YES;
				CLANG_WARN_ENUM_CONVERSION = YES;
				CLANG_WARN_INFINITE_RECURSION = YES;
				CLANG_WARN_INT_CONVERSION = YES;
				CLANG_WARN_NON_LITERAL_NULL_CONVERSION = YES;
				CLANG_WARN_OBJC_IMPLICIT_RETAIN_SELF = YES;
				CLANG_WARN_OBJC_LITERAL_CONVERSION = YES;
				CLANG_WARN_OBJC_ROOT_CLASS = YES_ERROR;
				CLANG_WARN_QUOTED_INCLUDE_IN_FRAMEWORK_HEADER = YES;
				CLANG_WARN_RANGE_LOOP_ANALYSIS = YES;
				CLANG_WARN_STRICT_PROTOTYPES = YES;
				CLANG_WARN_SUSPICIOUS_MOVE = YES;
				CLANG_WARN_UNGUARDED_AVAILABILITY = YES_AGGRESSIVE;
				CLANG_WARN_UNREACHABLE_CODE = YES;
				CLANG_WARN__DUPLICATE_METHOD_MATCH = YES;
				COPY_PHASE_STRIP = NO;
				DEBUG_INFORMATION_FORMAT = "dwarf-with-dsym";
				ENABLE_NS_ASSERTIONS = NO;
				ENABLE_STRICT_OBJC_MSGSEND = YES;
				GCC_C_LANGUAGE_STANDARD = gnu11;
				GCC_NO_COMMON_BLOCKS = YES;
				GCC_WARN_64_TO_32_BIT_CONVERSION = YES;
				GCC_WARN_ABOUT_RETURN_TYPE = YES_ERROR;
				GCC_WARN_UNDECLARED_SELECTOR = YES;
				GCC_WARN_UNINITIALIZED_AUTOS = YES_AGGRESSIVE;
				GCC_WARN_UNUSED_FUNCTION = YES;
				GCC_WARN_UNUSED_VARIABLE = YES;
				IPHONEOS_DEPLOYMENT_TARGET = 16.4;
				MTL_ENABLE_DEBUG_INFO = NO;
				MTL_FAST_MATH = YES;
				SDKROOT = iphoneos;
				SWIFT_COMPILATION_MODE = wholemodule;
				SWIFT_OPTIMIZATION_LEVEL = "-O";
				VALIDATE_PRODUCT = YES;
			};
			name = Release;
		};
		4B14FC842A3C1DFB009E1E2F /* Debug */ = {
			isa = XCBuildConfiguration;
			buildSettings = {
				ASSETCATALOG_COMPILER_APPICON_NAME = AppIcon;
				ASSETCATALOG_COMPILER_GLOBAL_ACCENT_COLOR_NAME = AccentColor;
				CODE_SIGN_STYLE = Automatic;
				CURRENT_PROJECT_VERSION = 1;
				DEVELOPMENT_ASSET_PATHS = "\"mobio/Preview Content\"";
				DEVELOPMENT_TEAM = 65S9DA897H;
				ENABLE_PREVIEWS = YES;
				GENERATE_INFOPLIST_FILE = YES;
				INFOPLIST_FILE = mobio/Info.plist;
				INFOPLIST_KEY_UIApplicationSceneManifest_Generation = YES;
				INFOPLIST_KEY_UIApplicationSupportsIndirectInputEvents = YES;
				INFOPLIST_KEY_UILaunchScreen_Generation = YES;
				INFOPLIST_KEY_UIStatusBarStyle = "";
				INFOPLIST_KEY_UISupportedInterfaceOrientations = UIInterfaceOrientationPortrait;
				INFOPLIST_KEY_UISupportedInterfaceOrientations_iPad = "UIInterfaceOrientationLandscapeLeft UIInterfaceOrientationLandscapeRight UIInterfaceOrientationPortrait UIInterfaceOrientationPortraitUpsideDown";
				IPHONEOS_DEPLOYMENT_TARGET = 16.0;
				LD_RUNPATH_SEARCH_PATHS = (
					"$(inherited)",
					"@executable_path/Frameworks",
				);
				MARKETING_VERSION = 1.0;
				PRODUCT_BUNDLE_IDENTIFIER = OyatulloKoraboev.mobioc;
				PRODUCT_NAME = "$(TARGET_NAME)";
				SUPPORTED_PLATFORMS = "iphoneos iphonesimulator";
				SUPPORTS_MACCATALYST = NO;
				SUPPORTS_MAC_DESIGNED_FOR_IPHONE_IPAD = NO;
				SWIFT_EMIT_LOC_STRINGS = YES;
				SWIFT_VERSION = 5.0;
				TARGETED_DEVICE_FAMILY = 1;
			};
			name = Debug;
		};
		4B14FC852A3C1DFB009E1E2F /* Release */ = {
			isa = XCBuildConfiguration;
			buildSettings = {
				ASSETCATALOG_COMPILER_APPICON_NAME = AppIcon;
				ASSETCATALOG_COMPILER_GLOBAL_ACCENT_COLOR_NAME = AccentColor;
				CODE_SIGN_STYLE = Automatic;
				CURRENT_PROJECT_VERSION = 1;
				DEVELOPMENT_ASSET_PATHS = "\"mobio/Preview Content\"";
				DEVELOPMENT_TEAM = 65S9DA897H;
				ENABLE_PREVIEWS = YES;
				GENERATE_INFOPLIST_FILE = YES;
				INFOPLIST_FILE = mobio/Info.plist;
				INFOPLIST_KEY_UIApplicationSceneManifest_Generation = YES;
				INFOPLIST_KEY_UIApplicationSupportsIndirectInputEvents = YES;
				INFOPLIST_KEY_UILaunchScreen_Generation = YES;
				INFOPLIST_KEY_UIStatusBarStyle = "";
				INFOPLIST_KEY_UISupportedInterfaceOrientations = UIInterfaceOrientationPortrait;
				INFOPLIST_KEY_UISupportedInterfaceOrientations_iPad = "UIInterfaceOrientationLandscapeLeft UIInterfaceOrientationLandscapeRight UIInterfaceOrientationPortrait UIInterfaceOrientationPortraitUpsideDown";
				IPHONEOS_DEPLOYMENT_TARGET = 16.0;
				LD_RUNPATH_SEARCH_PATHS = (
					"$(inherited)",
					"@executable_path/Frameworks",
				);
				MARKETING_VERSION = 1.0;
				PRODUCT_BUNDLE_IDENTIFIER = OyatulloKoraboev.mobioc;
				PRODUCT_NAME = "$(TARGET_NAME)";
				SUPPORTED_PLATFORMS = "iphoneos iphonesimulator";
				SUPPORTS_MACCATALYST = NO;
				SUPPORTS_MAC_DESIGNED_FOR_IPHONE_IPAD = NO;
				SWIFT_EMIT_LOC_STRINGS = YES;
				SWIFT_VERSION = 5.0;
				TARGETED_DEVICE_FAMILY = 1;
			};
			name = Release;
		};
/* End XCBuildConfiguration section */

/* Begin XCConfigurationList section */
		4B14FC702A3C1DFA009E1E2F /* Build configuration list for PBXProject "mobio" */ = {
			isa = XCConfigurationList;
			buildConfigurations = (
				4B14FC812A3C1DFB009E1E2F /* Debug */,
				4B14FC822A3C1DFB009E1E2F /* Release */,
			);
			defaultConfigurationIsVisible = 0;
			defaultConfigurationName = Release;
		};
		4B14FC832A3C1DFB009E1E2F /* Build configuration list for PBXNativeTarget "mobio" */ = {
			isa = XCConfigurationList;
			buildConfigurations = (
				4B14FC842A3C1DFB009E1E2F /* Debug */,
				4B14FC852A3C1DFB009E1E2F /* Release */,
			);
			defaultConfigurationIsVisible = 0;
			defaultConfigurationName = Release;
		};
/* End XCConfigurationList section */

/* Begin XCRemoteSwiftPackageReference section */
		C41AFFCE2A42BE1E00F8C6EA /* XCRemoteSwiftPackageReference "CustomAlert" */ = {
			isa = XCRemoteSwiftPackageReference;
			repositoryURL = "https://github.com/divadretlaw/CustomAlert";
			requirement = {
				branch = main;
				kind = branch;
			};
		};
		C45A67CE2A418B9A00B87D52 /* XCRemoteSwiftPackageReference "Alamofire" */ = {
			isa = XCRemoteSwiftPackageReference;
			repositoryURL = "https://github.com/Alamofire/Alamofire";
			requirement = {
				kind = upToNextMajorVersion;
				minimumVersion = 5.0.0;
			};
		};
		C45A67D52A41C78800B87D52 /* XCRemoteSwiftPackageReference "input-mask-ios" */ = {
			isa = XCRemoteSwiftPackageReference;
			repositoryURL = "https://github.com/RedMadRobot/input-mask-ios";
			requirement = {
				kind = upToNextMajorVersion;
				minimumVersion = 7.0.0;
			};
		};
		C4B95E972A42D61B00139081 /* XCRemoteSwiftPackageReference "KeyboardObserving" */ = {
			isa = XCRemoteSwiftPackageReference;
			repositoryURL = "https://github.com/nickffox/KeyboardObserving";
			requirement = {
				branch = master;
				kind = branch;
			};
		};
		C4B95E9C2A43006D00139081 /* XCRemoteSwiftPackageReference "SlidingTabView" */ = {
			isa = XCRemoteSwiftPackageReference;
			repositoryURL = "https://github.com/QuynhNguyen/SlidingTabView";
			requirement = {
				kind = upToNextMajorVersion;
				minimumVersion = 1.0.0;
			};
		};
/* End XCRemoteSwiftPackageReference section */

/* Begin XCSwiftPackageProductDependency section */
		C41AFFCF2A42BE1E00F8C6EA /* CustomAlert */ = {
			isa = XCSwiftPackageProductDependency;
			package = C41AFFCE2A42BE1E00F8C6EA /* XCRemoteSwiftPackageReference "CustomAlert" */;
			productName = CustomAlert;
		};
		C45A67CF2A418B9A00B87D52 /* Alamofire */ = {
			isa = XCSwiftPackageProductDependency;
			package = C45A67CE2A418B9A00B87D52 /* XCRemoteSwiftPackageReference "Alamofire" */;
			productName = Alamofire;
		};
		C45A67D62A41C78800B87D52 /* InputMask */ = {
			isa = XCSwiftPackageProductDependency;
			package = C45A67D52A41C78800B87D52 /* XCRemoteSwiftPackageReference "input-mask-ios" */;
			productName = InputMask;
		};
		C4B95E982A42D61B00139081 /* KeyboardObserving */ = {
			isa = XCSwiftPackageProductDependency;
			package = C4B95E972A42D61B00139081 /* XCRemoteSwiftPackageReference "KeyboardObserving" */;
			productName = KeyboardObserving;
		};
		C4B95E9D2A43006D00139081 /* SlidingTabView */ = {
			isa = XCSwiftPackageProductDependency;
			package = C4B95E9C2A43006D00139081 /* XCRemoteSwiftPackageReference "SlidingTabView" */;
			productName = SlidingTabView;
		};
/* End XCSwiftPackageProductDependency section */
	};
	rootObject = 4B14FC6D2A3C1DFA009E1E2F /* Project object */;
}
